
Microsoft Visual Studio Solution File, Format Version 12.00
# Visual Studio Version 16
VisualStudioVersion = 16.0.30204.135
MinimumVisualStudioVersion = 10.0.40219.1
Project("{FAE04EC0-301F-11D3-BF4B-00C04F79EFBC}") = "AdoNetDemos", "AdoNetDemos\AdoNetDemos.csproj", "{282379F7-9E30-41C5-A91D-EDBFD8BBE863}"
EndProject
Global
	GlobalSection(SolutionConfigurationPlatforms) = preSolution
		Debug|Any CPU = Debug|Any CPU
		Release|Any CPU = Release|Any CPU
	EndGlobalSection
	GlobalSection(ProjectConfigurationPlatforms) = postSolution
		{282379F7-9E30-41C5-A91D-EDBFD8BBE863}.Debug|Any CPU.ActiveCfg = Debug|Any CPU
		{282379F7-9E30-41C5-A91D-EDBFD8BBE863}.Debug|Any CPU.Build.0 = Debug|Any CPU
		{282379F7-9E30-41C5-A91D-EDBFD8BBE863}.Release|Any CPU.ActiveCfg = Release|Any CPU
		{282379F7-9E30-41C5-A91D-EDBFD8BBE863}.Release|Any CPU.Build.0 = Release|Any CPU
	EndGlobalSection
	GlobalSection(SolutionProperties) = preSolution
		HideSolutionNode = FALSE
	EndGlobalSection
	GlobalSection(ExtensibilityGlobals) = postSolution
		SolutionGuid = {91E14803-0CBB-4307-A4FA-29FA78ACB88E}
	EndGlobalSection
EndGlobal
